
Microsoft Visual Studio Solution File, Format Version 12.00
# Visual Studio Version 17
VisualStudioVersion = 17.8.34316.72
MinimumVisualStudioVersion = 10.0.40219.1
Project("{FAE04EC0-301F-11D3-BF4B-00C04F79EFBC}") = "AppHealth", "AppHealth\AppHealth.csproj", "{14BB8B80-ED40-4F41-B651-80CE9161D8B8}"
EndProject
Project("{FAE04EC0-301F-11D3-BF4B-00C04F79EFBC}") = "TestLogClear", "TestLogClear\TestLogClear.csproj", "{1375138F-2187-494D-9741-AE234B660F58}"
EndProject
Global
	GlobalSection(SolutionConfigurationPlatforms) = preSolution
		Debug|Any CPU = Debug|Any CPU
		Release|Any CPU = Release|Any CPU
	EndGlobalSection
	GlobalSection(ProjectConfigurationPlatforms) = postSolution
		{14BB8B80-ED40-4F41-B651-80CE9161D8B8}.Debug|Any CPU.ActiveCfg = Debug|Any CPU
		{14BB8B80-ED40-4F41-B651-80CE9161D8B8}.Debug|Any CPU.Build.0 = Debug|Any CPU
		{14BB8B80-ED40-4F41-B651-80CE9161D8B8}.Release|Any CPU.ActiveCfg = Release|Any CPU
		{14BB8B80-ED40-4F41-B651-80CE9161D8B8}.Release|Any CPU.Build.0 = Release|Any CPU
		{1375138F-2187-494D-9741-AE234B660F58}.Debug|Any CPU.ActiveCfg = Debug|Any CPU
		{1375138F-2187-494D-9741-AE234B660F58}.Debug|Any CPU.Build.0 = Debug|Any CPU
		{1375138F-2187-494D-9741-AE234B660F58}.Release|Any CPU.ActiveCfg = Release|Any CPU
		{1375138F-2187-494D-9741-AE234B660F58}.Release|Any CPU.Build.0 = Release|Any CPU
	EndGlobalSection
	GlobalSection(SolutionProperties) = preSolution
		HideSolutionNode = FALSE
	EndGlobalSection
	GlobalSection(ExtensibilityGlobals) = postSolution
		SolutionGuid = {2EFEB4D9-7DCA-4D49-A351-71FF4AD66587}
	EndGlobalSection
EndGlobal
